
Microsoft Visual Studio Solution File, Format Version 12.00
# Visual Studio Version 17
VisualStudioVersion = 17.7.34009.444
MinimumVisualStudioVersion = 10.0.40219.1
Project("{8BC9CEB8-8B4A-11D0-8D11-00A0C91BC942}") = "bj5597_whodidntsubmit", "bj5597_whodidntsubmit.vcxproj", "{0B3C6033-93DF-41D8-B292-C5AD389528AA}"
EndProject
Global
	GlobalSection(SolutionConfigurationPlatforms) = preSolution
		Debug|x64 = Debug|x64
		Debug|x86 = Debug|x86
		Release|x64 = Release|x64
		Release|x86 = Release|x86
	EndGlobalSection
	GlobalSection(ProjectConfigurationPlatforms) = postSolution
		{0B3C6033-93DF-41D8-B292-C5AD389528AA}.Debug|x64.ActiveCfg = Debug|x64
		{0B3C6033-93DF-41D8-B292-C5AD389528AA}.Debug|x64.Build.0 = Debug|x64
		{0B3C6033-93DF-41D8-B292-C5AD389528AA}.Debug|x86.ActiveCfg = Debug|Win32
		{0B3C6033-93DF-41D8-B292-C5AD389528AA}.Debug|x86.Build.0 = Debug|Win32
		{0B3C6033-93DF-41D8-B292-C5AD389528AA}.Release|x64.ActiveCfg = Release|x64
		{0B3C6033-93DF-41D8-B292-C5AD389528AA}.Release|x64.Build.0 = Release|x64
		{0B3C6033-93DF-41D8-B292-C5AD389528AA}.Release|x86.ActiveCfg = Release|Win32
		{0B3C6033-93DF-41D8-B292-C5AD389528AA}.Release|x86.Build.0 = Release|Win32
	EndGlobalSection
	GlobalSection(SolutionProperties) = preSolution
		HideSolutionNode = FALSE
	EndGlobalSection
	GlobalSection(ExtensibilityGlobals) = postSolution
		SolutionGuid = {96F70D80-57D1-4DC7-8AB1-3F3EC702CC42}
	EndGlobalSection
EndGlobal
